
Microsoft Visual Studio Solution File, Format Version 12.00
Project("{FAE04EC0-301F-11D3-BF4B-00C04F79EFBC}") = "LudumDare49", "LudumDare49\LudumDare49.csproj", "{AD578737-025B-44AB-81FD-B1E1BB730919}"
EndProject
Project("{2150E333-8FDC-42A3-9474-1A3956D46DE8}") = "SourceControl", "SourceControl", "{0CD0D0FB-AE4D-48D2-940E-85624BD1BF91}"
ProjectSection(SolutionItems) = preProject
	.gitignore = .gitignore
	LICENSE.md = LICENSE.md
	todo.txt = todo.txt
EndProjectSection
EndProject
Global
	GlobalSection(SolutionConfigurationPlatforms) = preSolution
		Debug|Any CPU = Debug|Any CPU
		Release|Any CPU = Release|Any CPU
	EndGlobalSection
	GlobalSection(ProjectConfigurationPlatforms) = postSolution
		{AD578737-025B-44AB-81FD-B1E1BB730919}.Debug|Any CPU.ActiveCfg = Debug|Any CPU
		{AD578737-025B-44AB-81FD-B1E1BB730919}.Debug|Any CPU.Build.0 = Debug|Any CPU
		{AD578737-025B-44AB-81FD-B1E1BB730919}.Release|Any CPU.ActiveCfg = Release|Any CPU
		{AD578737-025B-44AB-81FD-B1E1BB730919}.Release|Any CPU.Build.0 = Release|Any CPU
	EndGlobalSection
EndGlobal
